
Microsoft Visual Studio Solution File, Format Version 12.00
# Visual Studio 15
VisualStudioVersion = 15.0.27004.2002
MinimumVisualStudioVersion = 10.0.40219.1
Project("{FAE04EC0-301F-11D3-BF4B-00C04F79EFBC}") = "Ispit.web", "Ispit.web\Ispit.web.csproj", "{F2BA0061-DCE1-44C9-A58E-C0BB9A47BB42}"
EndProject
Project("{FAE04EC0-301F-11D3-BF4B-00C04F79EFBC}") = "Ispit.data", "Ispit.data\Ispit.data.csproj", "{827F740C-39D3-45DF-9730-007F14849887}"
EndProject
Global
	GlobalSection(SolutionConfigurationPlatforms) = preSolution
		Debug|Any CPU = Debug|Any CPU
		Release|Any CPU = Release|Any CPU
	EndGlobalSection
	GlobalSection(ProjectConfigurationPlatforms) = postSolution
		{F2BA0061-DCE1-44C9-A58E-C0BB9A47BB42}.Debug|Any CPU.ActiveCfg = Debug|Any CPU
		{F2BA0061-DCE1-44C9-A58E-C0BB9A47BB42}.Debug|Any CPU.Build.0 = Debug|Any CPU
		{F2BA0061-DCE1-44C9-A58E-C0BB9A47BB42}.Release|Any CPU.ActiveCfg = Release|Any CPU
		{F2BA0061-DCE1-44C9-A58E-C0BB9A47BB42}.Release|Any CPU.Build.0 = Release|Any CPU
		{827F740C-39D3-45DF-9730-007F14849887}.Debug|Any CPU.ActiveCfg = Debug|Any CPU
		{827F740C-39D3-45DF-9730-007F14849887}.Debug|Any CPU.Build.0 = Debug|Any CPU
		{827F740C-39D3-45DF-9730-007F14849887}.Release|Any CPU.ActiveCfg = Release|Any CPU
		{827F740C-39D3-45DF-9730-007F14849887}.Release|Any CPU.Build.0 = Release|Any CPU
	EndGlobalSection
	GlobalSection(SolutionProperties) = preSolution
		HideSolutionNode = FALSE
	EndGlobalSection
	GlobalSection(ExtensibilityGlobals) = postSolution
		SolutionGuid = {F028368B-EAB2-4961-9D73-062431A1C661}
	EndGlobalSection
EndGlobal
