
Microsoft Visual Studio Solution File, Format Version 12.00
# Visual Studio 15
VisualStudioVersion = 15.0.27004.2002
MinimumVisualStudioVersion = 10.0.40219.1
Project("{FAE04EC0-301F-11D3-BF4B-00C04F79EFBC}") = "Ispit.web", "Ispit.web\Ispit.web.csproj", "{C2B7D22F-FBA2-4A42-ABD4-C98BEED92B8F}"
EndProject
Project("{FAE04EC0-301F-11D3-BF4B-00C04F79EFBC}") = "Ispit.data", "Ispit.data\Ispit.data.csproj", "{D216946F-C262-4EF5-859F-1F4ABC2733CE}"
EndProject
Global
	GlobalSection(SolutionConfigurationPlatforms) = preSolution
		Debug|Any CPU = Debug|Any CPU
		Release|Any CPU = Release|Any CPU
	EndGlobalSection
	GlobalSection(ProjectConfigurationPlatforms) = postSolution
		{C2B7D22F-FBA2-4A42-ABD4-C98BEED92B8F}.Debug|Any CPU.ActiveCfg = Debug|Any CPU
		{C2B7D22F-FBA2-4A42-ABD4-C98BEED92B8F}.Debug|Any CPU.Build.0 = Debug|Any CPU
		{C2B7D22F-FBA2-4A42-ABD4-C98BEED92B8F}.Release|Any CPU.ActiveCfg = Release|Any CPU
		{C2B7D22F-FBA2-4A42-ABD4-C98BEED92B8F}.Release|Any CPU.Build.0 = Release|Any CPU
		{D216946F-C262-4EF5-859F-1F4ABC2733CE}.Debug|Any CPU.ActiveCfg = Debug|Any CPU
		{D216946F-C262-4EF5-859F-1F4ABC2733CE}.Debug|Any CPU.Build.0 = Debug|Any CPU
		{D216946F-C262-4EF5-859F-1F4ABC2733CE}.Release|Any CPU.ActiveCfg = Release|Any CPU
		{D216946F-C262-4EF5-859F-1F4ABC2733CE}.Release|Any CPU.Build.0 = Release|Any CPU
	EndGlobalSection
	GlobalSection(SolutionProperties) = preSolution
		HideSolutionNode = FALSE
	EndGlobalSection
	GlobalSection(ExtensibilityGlobals) = postSolution
		SolutionGuid = {14D3E232-A018-4D8F-9ABB-6B29A901BCDC}
	EndGlobalSection
EndGlobal
